[root]
name = "emit"
version = "0.0.1"
dependencies = [
 "ast 0.0.1",
]

[[package]]
name = "ast"
version = "0.0.1"
dependencies = [
 "dfagen 0.0.1",
 "ivar 0.0.1",
 "lalrgen 0.0.1",
 "rbtree 0.0.1",
]

[[package]]
name = "dfagen"
version = "0.0.1"
dependencies = [
 "regex_dfa 0.0.1",
]

[[package]]
name = "ivar"
version = "0.0.1"

[[package]]
name = "lalr"
version = "0.0.1"

[[package]]
name = "lalrgen"
version = "0.0.1"
dependencies = [
 "lalr 0.0.1",
]

[[package]]
name = "rbtree"
version = "0.0.1"

[[package]]
name = "regex_dfa"
version = "0.0.1"

